// !$*UTF8*$!
{
	archiveVersion = 1;
	classes = {
	};
	objectVersion = 46;
	objects = {

/* Begin PBXBuildFile section */
		EFDE1DAF1CC077D4005AAA0A /* AppDelegate.swift in Sources */ = {isa = PBXBuildFile; fileRef = EFDE1DAE1CC077D4005AAA0A /* AppDelegate.swift */; };
		EFDE1DB11CC077D4005AAA0A /* ViewController.swift in Sources */ = {isa = PBXBuildFile; fileRef = EFDE1DB01CC077D4005AAA0A /* ViewController.swift */; };
		EFDE1DB41CC077D4005AAA0A /* Main.storyboard in Resources */ = {isa = PBXBuildFile; fileRef = EFDE1DB21CC077D4005AAA0A /* Main.storyboard */; };
		EFDE1DB61CC077D5005AAA0A /* Assets.xcassets in Resources */ = {isa = PBXBuildFile; fileRef = EFDE1DB51CC077D5005AAA0A /* Assets.xcassets */; };
		EFDE1DB91CC077D5005AAA0A /* LaunchScreen.storyboard in Resources */ = {isa = PBXBuildFile; fileRef = EFDE1DB71CC077D5005AAA0A /* LaunchScreen.storyboard */; };
		EFDE1DC41CC077D5005AAA0A /* phddjdStoreHDTests.swift in Sources */ = {isa = PBXBuildFile; fileRef = EFDE1DC31CC077D5005AAA0A /* phddjdStoreHDTests.swift */; };
		EFDE1DCF1CC077D5005AAA0A /* phddjdStoreHDUITests.swift in Sources */ = {isa = PBXBuildFile; fileRef = EFDE1DCE1CC077D5005AAA0A /* phddjdStoreHDUITests.swift */; };
/* End PBXBuildFile section */

/* Begin PBXContainerItemProxy section */
		EFDE1DC01CC077D5005AAA0A /* PBXContainerItemProxy */ = {
			isa = PBXContainerItemProxy;
			containerPortal = EFDE1DA31CC077D4005AAA0A /* Project object */;
			proxyType = 1;
			remoteGlobalIDString = EFDE1DAA1CC077D4005AAA0A;
			remoteInfo = phddjdStoreHD;
		};
		EFDE1DCB1CC077D5005AAA0A /* PBXContainerItemProxy */ = {
			isa = PBXContainerItemProxy;
			containerPortal = EFDE1DA31CC077D4005AAA0A /* Project object */;
			proxyType = 1;
			remoteGlobalIDString = EFDE1DAA1CC077D4005AAA0A;
			remoteInfo = phddjdStoreHD;
		};
/* End PBXContainerItemProxy section */

/* Begin PBXFileReference section */
		EFDE1DAB1CC077D4005AAA0A /* phddjdStoreHD.app */ = {isa = PBXFileReference; explicitFileType = wrapper.application; includeInIndex = 0; path = phddjdStoreHD.app; sourceTree = BUILT_PRODUCTS_DIR; };
		EFDE1DAE1CC077D4005AAA0A /* AppDelegate.swift */ = {isa = PBXFileReference; lastKnownFileType = sourcecode.swift; path = AppDelegate.swift; sourceTree = "<group>"; };
		EFDE1DB01CC077D4005AAA0A /* ViewController.swift */ = {isa = PBXFileReference; lastKnownFileType = sourcecode.swift; path = ViewController.swift; sourceTree = "<group>"; };
		EFDE1DB31CC077D4005AAA0A /* Base */ = {isa = PBXFileReference; lastKnownFileType = file.storyboard; name = Base; path = Base.lproj/Main.storyboard; sourceTree = "<group>"; };
		EFDE1DB51CC077D5005AAA0A /* Assets.xcassets */ = {isa = PBXFileReference; lastKnownFileType = folder.assetcatalog; path = Assets.xcassets; sourceTree = "<group>"; };
		EFDE1DB81CC077D5005AAA0A /* Base */ = {isa = PBXFileReference; lastKnownFileType = file.storyboard; name = Base; path = Base.lproj/LaunchScreen.storyboard; sourceTree = "<group>"; };
		EFDE1DBA1CC077D5005AAA0A /* Info.plist */ = {isa = PBXFileReference; lastKnownFileType = text.plist.xml; path = Info.plist; sourceTree = "<group>"; };
		EFDE1DBF1CC077D5005AAA0A /* phddjdStoreHDTests.xctest */ = {isa = PBXFileReference; explicitFileType = wrapper.cfbundle; includeInIndex = 0; path = phddjdStoreHDTests.xctest; sourceTree = BUILT_PRODUCTS_DIR; };
		EFDE1DC31CC077D5005AAA0A /* phddjdStoreHDTests.swift */ = {isa = PBXFileReference; lastKnownFileType = sourcecode.swift; path = phddjdStoreHDTests.swift; sourceTree = "<group>"; };
		EFDE1DC51CC077D5005AAA0A /* Info.plist */ = {isa = PBXFileReference; lastKnownFileType = text.plist.xml; path = Info.plist; sourceTree = "<group>"; };
		EFDE1DCA1CC077D5005AAA0A /* phddjdStoreHDUITests.xctest */ = {isa = PBXFileReference; explicitFileType = wrapper.cfbundle; includeInIndex = 0; path = phddjdStoreHDUITests.xctest; sourceTree = BUILT_PRODUCTS_DIR; };
		EFDE1DCE1CC077D5005AAA0A /* phddjdStoreHDUITests.swift */ = {isa = PBXFileReference; lastKnownFileType = sourcecode.swift; path = phddjdStoreHDUITests.swift; sourceTree = "<group>"; };
		EFDE1DD01CC077D5005AAA0A /* Info.plist */ = {isa = PBXFileReference; lastKnownFileType = text.plist.xml; path = Info.plist; sourceTree = "<group>"; };
/* End PBXFileReference section */

/* Begin PBXFrameworksBuildPhase section */
		EFDE1DA81CC077D4005AAA0A /* Frameworks */ = {
			isa = PBXFrameworksBuildPhase;
			buildActionMask = 2147483647;
			files = (
			);
			runOnlyForDeploymentPostprocessing = 0;
		};
		EFDE1DBC1CC077D5005AAA0A /* Frameworks */ = {
			isa = PBXFrameworksBuildPhase;
			buildActionMask = 2147483647;
			files = (
			);
			runOnlyForDeploymentPostprocessing = 0;
		};
		EFDE1DC71CC077D5005AAA0A /* Frameworks */ = {
			isa = PBXFrameworksBuildPhase;
			buildActionMask = 2147483647;
			files = (
			);
			runOnlyForDeploymentPostprocessing = 0;
		};
/* End PBXFrameworksBuildPhase section */

/* Begin PBXGroup section */
		EFDE1DA21CC077D4005AAA0A = {
			isa = PBXGroup;
			children = (
				EFDE1DAD1CC077D4005AAA0A /* phddjdStoreHD */,
				EFDE1DC21CC077D5005AAA0A /* phddjdStoreHDTests */,
				EFDE1DCD1CC077D5005AAA0A /* phddjdStoreHDUITests */,
				EFDE1DAC1CC077D4005AAA0A /* Products */,
			);
			sourceTree = "<group>";
		};
		EFDE1DAC1CC077D4005AAA0A /* Products */ = {
			isa = PBXGroup;
			children = (
				EFDE1DAB1CC077D4005AAA0A /* phddjdStoreHD.app */,
				EFDE1DBF1CC077D5005AAA0A /* phddjdStoreHDTests.xctest */,
				EFDE1DCA1CC077D5005AAA0A /* phddjdStoreHDUITests.xctest */,
			);
			name = Products;
			sourceTree = "<group>";
		};
		EFDE1DAD1CC077D4005AAA0A /* phddjdStoreHD */ = {
			isa = PBXGroup;
			children = (
				EFDE1DAE1CC077D4005AAA0A /* AppDelegate.swift */,
				EFDE1DB01CC077D4005AAA0A /* ViewController.swift */,
				EFDE1DB21CC077D4005AAA0A /* Main.storyboard */,
				EFDE1DB51CC077D5005AAA0A /* Assets.xcassets */,
				EFDE1DB71CC077D5005AAA0A /* LaunchScreen.storyboard */,
				EFDE1DBA1CC077D5005AAA0A /* Info.plist */,
			);
			path = phddjdStoreHD;
			sourceTree = "<group>";
		};
		EFDE1DC21CC077D5005AAA0A /* phddjdStoreHDTests */ = {
			isa = PBXGroup;
			children = (
				EFDE1DC31CC077D5005AAA0A /* phddjdStoreHDTests.swift */,
				EFDE1DC51CC077D5005AAA0A /* Info.plist */,
			);
			path = phddjdStoreHDTests;
			sourceTree = "<group>";
		};
		EFDE1DCD1CC077D5005AAA0A /* phddjdStoreHDUITests */ = {
			isa = PBXGroup;
			children = (
				EFDE1DCE1CC077D5005AAA0A /* phddjdStoreHDUITests.swift */,
				EFDE1DD01CC077D5005AAA0A /* Info.plist */,
			);
			path = phddjdStoreHDUITests;
			sourceTree = "<group>";
		};
/* End PBXGroup section */

/* Begin PBXNativeTarget section */
		EFDE1DAA1CC077D4005AAA0A /* phddjdStoreHD */ = {
			isa = PBXNativeTarget;
			buildConfigurationList = EFDE1DD31CC077D5005AAA0A /* Build configuration list for PBXNativeTarget "phddjdStoreHD" */;
			buildPhases = (
				EFDE1DA71CC077D4005AAA0A /* Sources */,
				EFDE1DA81CC077D4005AAA0A /* Frameworks */,
				EFDE1DA91CC077D4005AAA0A /* Resources */,
			);
			buildRules = (
			);
			dependencies = (
			);
			name = phddjdStoreHD;
			productName = phddjdStoreHD;
			productReference = EFDE1DAB1CC077D4005AAA0A /* phddjdStoreHD.app */;
			productType = "com.apple.product-type.application";
		};
		EFDE1DBE1CC077D5005AAA0A /* phddjdStoreHDTests */ = {
			isa = PBXNativeTarget;
			buildConfigurationList = EFDE1DD61CC077D5005AAA0A /* Build configuration list for PBXNativeTarget "phddjdStoreHDTests" */;
			buildPhases = (
				EFDE1DBB1CC077D5005AAA0A /* Sources */,
				EFDE1DBC1CC077D5005AAA0A /* Frameworks */,
				EFDE1DBD1CC077D5005AAA0A /* Resources */,
			);
			buildRules = (
			);
			dependencies = (
				EFDE1DC11CC077D5005AAA0A /* PBXTargetDependency */,
			);
			name = phddjdStoreHDTests;
			productName = phddjdStoreHDTests;
			productReference = EFDE1DBF1CC077D5005AAA0A /* phddjdStoreHDTests.xctest */;
			productType = "com.apple.product-type.bundle.unit-test";
		};
		EFDE1DC91CC077D5005AAA0A /* phddjdStoreHDUITests */ = {
			isa = PBXNativeTarget;
			buildConfigurationList = EFDE1DD91CC077D5005AAA0A /* Build configuration list for PBXNativeTarget "phddjdStoreHDUITests" */;
			buildPhases = (
				EFDE1DC61CC077D5005AAA0A /* Sources */,
				EFDE1DC71CC077D5005AAA0A /* Frameworks */,
				EFDE1DC81CC077D5005AAA0A /* Resources */,
			);
			buildRules = (
			);
			dependencies = (
				EFDE1DCC1CC077D5005AAA0A /* PBXTargetDependency */,
			);
			name = phddjdStoreHDUITests;
			productName = phddjdStoreHDUITests;
			productReference = EFDE1DCA1CC077D5005AAA0A /* phddjdStoreHDUITests.xctest */;
			productType = "com.apple.product-type.bundle.ui-testing";
		};
/* End PBXNativeTarget section */

/* Begin PBXProject section */
		EFDE1DA31CC077D4005AAA0A /* Project object */ = {
			isa = PBXProject;
			attributes = {
				LastSwiftUpdateCheck = 0720;
				LastUpgradeCheck = 0720;
				ORGANIZATIONNAME = "彭浩";
				TargetAttributes = {
					EFDE1DAA1CC077D4005AAA0A = {
						CreatedOnToolsVersion = 7.2.1;
					};
					EFDE1DBE1CC077D5005AAA0A = {
						CreatedOnToolsVersion = 7.2.1;
						TestTargetID = EFDE1DAA1CC077D4005AAA0A;
					};
					EFDE1DC91CC077D5005AAA0A = {
						CreatedOnToolsVersion = 7.2.1;
						TestTargetID = EFDE1DAA1CC077D4005AAA0A;
					};
				};
			};
			buildConfigurationList = EFDE1DA61CC077D4005AAA0A /* Build configuration list for PBXProject "phddjdStoreHD" */;
			compatibilityVersion = "Xcode 3.2";
			developmentRegion = English;
			hasScannedForEncodings = 0;
			knownRegions = (
				en,
				Base,
			);
			mainGroup = EFDE1DA21CC077D4005AAA0A;
			productRefGroup = EFDE1DAC1CC077D4005AAA0A /* Products */;
			projectDirPath = "";
			projectRoot = "";
			targets = (
				EFDE1DAA1CC077D4005AAA0A /* phddjdStoreHD */,
				EFDE1DBE1CC077D5005AAA0A /* phddjdStoreHDTests */,
				EFDE1DC91CC077D5005AAA0A /* phddjdStoreHDUITests */,
			);
		};
/* End PBXProject section */

/* Begin PBXResourcesBuildPhase section */
		EFDE1DA91CC077D4005AAA0A /* Resources */ = {
			isa = PBXResourcesBuildPhase;
			buildActionMask = 2147483647;
			files = (
				EFDE1DB91CC077D5005AAA0A /* LaunchScreen.storyboard in Resources */,
				EFDE1DB61CC077D5005AAA0A /* Assets.xcassets in Resources */,
				EFDE1DB41CC077D4005AAA0A /* Main.storyboard in Resources */,
			);
			runOnlyForDeploymentPostprocessing = 0;
		};
		EFDE1DBD1CC077D5005AAA0A /* Resources */ = {
			isa = PBXResourcesBuildPhase;
			buildActionMask = 2147483647;
			files = (
			);
			runOnlyForDeploymentPostprocessing = 0;
		};
		EFDE1DC81CC077D5005AAA0A /* Resources */ = {
			isa = PBXResourcesBuildPhase;
			buildActionMask = 2147483647;
			files = (
			);
			runOnlyForDeploymentPostprocessing = 0;
		};
/* End PBXResourcesBuildPhase section */

/* Begin PBXSourcesBuildPhase section */
		EFDE1DA71CC077D4005AAA0A /* Sources */ = {
			isa = PBXSourcesBuildPhase;
			buildActionMask = 2147483647;
			files = (
				EFDE1DB11CC077D4005AAA0A /* ViewController.swift in Sources */,
				EFDE1DAF1CC077D4005AAA0A /* AppDelegate.swift in Sources */,
			);
			runOnlyForDeploymentPostprocessing = 0;
		};
		EFDE1DBB1CC077D5005AAA0A /* Sources */ = {
			isa = PBXSourcesBuildPhase;
			buildActionMask = 2147483647;
			files = (
				EFDE1DC41CC077D5005AAA0A /* phddjdStoreHDTests.swift in Sources */,
			);
			runOnlyForDeploymentPostprocessing = 0;
		};
		EFDE1DC61CC077D5005AAA0A /* Sources */ = {
			isa = PBXSourcesBuildPhase;
			buildActionMask = 2147483647;
			files = (
				EFDE1DCF1CC077D5005AAA0A /* phddjdStoreHDUITests.swift in Sources */,
			);
			runOnlyForDeploymentPostprocessing = 0;
		};
/* End PBXSourcesBuildPhase section */

/* Begin PBXTargetDependency section */
		EFDE1DC11CC077D5005AAA0A /* PBXTargetDependency */ = {
			isa = PBXTargetDependency;
			target = EFDE1DAA1CC077D4005AAA0A /* phddjdStoreHD */;
			targetProxy = EFDE1DC01CC077D5005AAA0A /* PBXContainerItemProxy */;
		};
		EFDE1DCC1CC077D5005AAA0A /* PBXTargetDependency */ = {
			isa = PBXTargetDependency;
			target = EFDE1DAA1CC077D4005AAA0A /* phddjdStoreHD */;
			targetProxy = EFDE1DCB1CC077D5005AAA0A /* PBXContainerItemProxy */;
		};
/* End PBXTargetDependency section */

/* Begin PBXVariantGroup section */
		EFDE1DB21CC077D4005AAA0A /* Main.storyboard */ = {
			isa = PBXVariantGroup;
			children = (
				EFDE1DB31CC077D4005AAA0A /* Base */,
			);
			name = Main.storyboard;
			sourceTree = "<group>";
		};
		EFDE1DB71CC077D5005AAA0A /* LaunchScreen.storyboard */ = {
			isa = PBXVariantGroup;
			children = (
				EFDE1DB81CC077D5005AAA0A /* Base */,
			);
			name = LaunchScreen.storyboard;
			sourceTree = "<group>";
		};
/* End PBXVariantGroup section */

/* Begin XCBuildConfiguration section */
		EFDE1DD11CC077D5005AAA0A /* Debug */ = {
			isa = XCBuildConfiguration;
			buildSettings = {
				ALWAYS_SEARCH_USER_PATHS = NO;
				CLANG_CXX_LANGUAGE_STANDARD = "gnu++0x";
				CLANG_CXX_LIBRARY = "libc++";
				CLANG_ENABLE_MODULES = YES;
				CLANG_ENABLE_OBJC_ARC = YES;
				CLANG_WARN_BOOL_CONVERSION = YES;
				CLANG_WARN_CONSTANT_CONVERSION = YES;
				CLANG_WARN_DIRECT_OBJC_ISA_USAGE = YES_ERROR;
				CLANG_WARN_EMPTY_BODY = YES;
				CLANG_WARN_ENUM_CONVERSION = YES;
				CLANG_WARN_INT_CONVERSION = YES;
				CLANG_WARN_OBJC_ROOT_CLASS = YES_ERROR;
				CLANG_WARN_UNREACHABLE_CODE = YES;
				CLANG_WARN__DUPLICATE_METHOD_MATCH = YES;
				"CODE_SIGN_IDENTITY[sdk=iphoneos*]" = "iPhone Developer";
				COPY_PHASE_STRIP = NO;
				DEBUG_INFORMATION_FORMAT = dwarf;
				ENABLE_STRICT_OBJC_MSGSEND = YES;
				ENABLE_TESTABILITY = YES;
				GCC_C_LANGUAGE_STANDARD = gnu99;
				GCC_DYNAMIC_NO_PIC = NO;
				GCC_NO_COMMON_BLOCKS = YES;
				GCC_OPTIMIZATION_LEVEL = 0;
				GCC_PREPROCESSOR_DEFINITIONS = (
					"DEBUG=1",
					"$(inherited)",
				);
				GCC_WARN_64_TO_32_BIT_CONVERSION = YES;
				GCC_WARN_ABOUT_RETURN_TYPE = YES_ERROR;
				GCC_WARN_UNDECLARED_SELECTOR = YES;
				GCC_WARN_UNINITIALIZED_AUTOS = YES_AGGRESSIVE;
				GCC_WARN_UNUSED_FUNCTION = YES;
				GCC_WARN_UNUSED_VARIABLE = YES;
				IPHONEOS_DEPLOYMENT_TARGET = 9.2;
				MTL_ENABLE_DEBUG_INFO = YES;
				ONLY_ACTIVE_ARCH = YES;
				SDKROOT = iphoneos;
				SWIFT_OPTIMIZATION_LEVEL = "-Onone";
				TARGETED_DEVICE_FAMILY = 2;
			};
			name = Debug;
		};
		EFDE1DD21CC077D5005AAA0A /* Release */ = {
			isa = XCBuildConfiguration;
			buildSettings = {
				ALWAYS_SEARCH_USER_PATHS = NO;
				CLANG_CXX_LANGUAGE_STANDARD = "gnu++0x";
				CLANG_CXX_LIBRARY = "libc++";
				CLANG_ENABLE_MODULES = YES;
				CLANG_ENABLE_OBJC_ARC = YES;
				CLANG_WARN_BOOL_CONVERSION = YES;
				CLANG_WARN_CONSTANT_CONVERSION = YES;
				CLANG_WARN_DIRECT_OBJC_ISA_USAGE = YES_ERROR;
				CLANG_WARN_EMPTY_BODY = YES;
				CLANG_WARN_ENUM_CONVERSION = YES;
				CLANG_WARN_INT_CONVERSION = YES;
				CLANG_WARN_OBJC_ROOT_CLASS = YES_ERROR;
				CLANG_WARN_UNREACHABLE_CODE = YES;
				CLANG_WARN__DUPLICATE_METHOD_MATCH = YES;
				"CODE_SIGN_IDENTITY[sdk=iphoneos*]" = "iPhone Developer";
				COPY_PHASE_STRIP = NO;
				DEBUG_INFORMATION_FORMAT = "dwarf-with-dsym";
				ENABLE_NS_ASSERTIONS = NO;
				ENABLE_STRICT_OBJC_MSGSEND = YES;
				GCC_C_LANGUAGE_STANDARD = gnu99;
				GCC_NO_COMMON_BLOCKS = YES;
				GCC_WARN_64_TO_32_BIT_CONVERSION = YES;
				GCC_WARN_ABOUT_RETURN_TYPE = YES_ERROR;
				GCC_WARN_UNDECLARED_SELECTOR = YES;
				GCC_WARN_UNINITIALIZED_AUTOS = YES_AGGRESSIVE;
				GCC_WARN_UNUSED_FUNCTION = YES;
				GCC_WARN_UNUSED_VARIABLE = YES;
				IPHONEOS_DEPLOYMENT_TARGET = 9.2;
				MTL_ENABLE_DEBUG_INFO = NO;
				SDKROOT = iphoneos;
				TARGETED_DEVICE_FAMILY = 2;
				VALIDATE_PRODUCT = YES;
			};
			name = Release;
		};
		EFDE1DD41CC077D5005AAA0A /* Debug */ = {
			isa = XCBuildConfiguration;
			buildSettings = {
				ASSETCATALOG_COMPILER_APPICON_NAME = AppIcon;
				INFOPLIST_FILE = phddjdStoreHD/Info.plist;
				LD_RUNPATH_SEARCH_PATHS = "$(inherited) @executable_path/Frameworks";
				PRODUCT_BUNDLE_IDENTIFIER = com.nmore.phddjdStoreHD;
				PRODUCT_NAME = "$(TARGET_NAME)";
			};
			name = Debug;
		};
		EFDE1DD51CC077D5005AAA0A /* Release */ = {
			isa = XCBuildConfiguration;
			buildSettings = {
				ASSETCATALOG_COMPILER_APPICON_NAME = AppIcon;
				INFOPLIST_FILE = phddjdStoreHD/Info.plist;
				LD_RUNPATH_SEARCH_PATHS = "$(inherited) @executable_path/Frameworks";
				PRODUCT_BUNDLE_IDENTIFIER = com.nmore.phddjdStoreHD;
				PRODUCT_NAME = "$(TARGET_NAME)";
			};
			name = Release;
		};
		EFDE1DD71CC077D5005AAA0A /* Debug */ = {
			isa = XCBuildConfiguration;
			buildSettings = {
				BUNDLE_LOADER = "$(TEST_HOST)";
				INFOPLIST_FILE = phddjdStoreHDTests/Info.plist;
				LD_RUNPATH_SEARCH_PATHS = "$(inherited) @executable_path/Frameworks @loader_path/Frameworks";
				PRODUCT_BUNDLE_IDENTIFIER = com.nmore.phddjdStoreHDTests;
				PRODUCT_NAME = "$(TARGET_NAME)";
				TEST_HOST = "$(BUILT_PRODUCTS_DIR)/phddjdStoreHD.app/phddjdStoreHD";
			};
			name = Debug;
		};
		EFDE1DD81CC077D5005AAA0A /* Release */ = {
			isa = XCBuildConfiguration;
			buildSettings = {
				BUNDLE_LOADER = "$(TEST_HOST)";
				INFOPLIST_FILE = phddjdStoreHDTests/Info.plist;
				LD_RUNPATH_SEARCH_PATHS = "$(inherited) @executable_path/Frameworks @loader_path/Frameworks";
				PRODUCT_BUNDLE_IDENTIFIER = com.nmore.phddjdStoreHDTests;
				PRODUCT_NAME = "$(TARGET_NAME)";
				TEST_HOST = "$(BUILT_PRODUCTS_DIR)/phddjdStoreHD.app/phddjdStoreHD";
			};
			name = Release;
		};
		EFDE1DDA1CC077D5005AAA0A /* Debug */ = {
			isa = XCBuildConfiguration;
			buildSettings = {
				INFOPLIST_FILE = phddjdStoreHDUITests/Info.plist;
				LD_RUNPATH_SEARCH_PATHS = "$(inherited) @executable_path/Frameworks @loader_path/Frameworks";
				PRODUCT_BUNDLE_IDENTIFIER = com.nmore.phddjdStoreHDUITests;
				PRODUCT_NAME = "$(TARGET_NAME)";
				TEST_TARGET_NAME = phddjdStoreHD;
				USES_XCTRUNNER = YES;
			};
			name = Debug;
		};
		EFDE1DDB1CC077D5005AAA0A /* Release */ = {
			isa = XCBuildConfiguration;
			buildSettings = {
				INFOPLIST_FILE = phddjdStoreHDUITests/Info.plist;
				LD_RUNPATH_SEARCH_PATHS = "$(inherited) @executable_path/Frameworks @loader_path/Frameworks";
				PRODUCT_BUNDLE_IDENTIFIER = com.nmore.phddjdStoreHDUITests;
				PRODUCT_NAME = "$(TARGET_NAME)";
				TEST_TARGET_NAME = phddjdStoreHD;
				USES_XCTRUNNER = YES;
			};
			name = Release;
		};
/* End XCBuildConfiguration section */

/* Begin XCConfigurationList section */
		EFDE1DA61CC077D4005AAA0A /* Build configuration list for PBXProject "phddjdStoreHD" */ = {
			isa = XCConfigurationList;
			buildConfigurations = (
				EFDE1DD11CC077D5005AAA0A /* Debug */,
				EFDE1DD21CC077D5005AAA0A /* Release */,
			);
			defaultConfigurationIsVisible = 0;
			defaultConfigurationName = Release;
		};
		EFDE1DD31CC077D5005AAA0A /* Build configuration list for PBXNativeTarget "phddjdStoreHD" */ = {
			isa = XCConfigurationList;
			buildConfigurations = (
				EFDE1DD41CC077D5005AAA0A /* Debug */,
				EFDE1DD51CC077D5005AAA0A /* Release */,
			);
			defaultConfigurationIsVisible = 0;
		};
		EFDE1DD61CC077D5005AAA0A /* Build configuration list for PBXNativeTarget "phddjdStoreHDTests" */ = {
			isa = XCConfigurationList;
			buildConfigurations = (
				EFDE1DD71CC077D5005AAA0A /* Debug */,
				EFDE1DD81CC077D5005AAA0A /* Release */,
			);
			defaultConfigurationIsVisible = 0;
		};
		EFDE1DD91CC077D5005AAA0A /* Build configuration list for PBXNativeTarget "phddjdStoreHDUITests" */ = {
			isa = XCConfigurationList;
			buildConfigurations = (
				EFDE1DDA1CC077D5005AAA0A /* Debug */,
				EFDE1DDB1CC077D5005AAA0A /* Release */,
			);
			defaultConfigurationIsVisible = 0;
		};
/* End XCConfigurationList section */
	};
	rootObject = EFDE1DA31CC077D4005AAA0A /* Project object */;
}
